
Microsoft Visual Studio Solution File, Format Version 12.00
# Visual Studio 2012
Project("{FAE04EC0-301F-11D3-BF4B-00C04F79EFBC}") = "SectCryptLibTester", "SectCryptLibTester\SectCryptLibTester.csproj", "{60207E99-DFC4-4475-81A2-9E6405058EE3}"
EndProject
Project("{FAE04EC0-301F-11D3-BF4B-00C04F79EFBC}") = "SectCryptLib", "..\SectCryptLib\SectCryptLib\SectCryptLib.csproj", "{BBBBF2BD-C1DC-45C6-BAE9-010D17121548}"
EndProject
Global
	GlobalSection(SolutionConfigurationPlatforms) = preSolution
		Debug|Any CPU = Debug|Any CPU
		Release|Any CPU = Release|Any CPU
	EndGlobalSection
	GlobalSection(ProjectConfigurationPlatforms) = postSolution
		{60207E99-DFC4-4475-81A2-9E6405058EE3}.Debug|Any CPU.ActiveCfg = Debug|Any CPU
		{60207E99-DFC4-4475-81A2-9E6405058EE3}.Debug|Any CPU.Build.0 = Debug|Any CPU
		{60207E99-DFC4-4475-81A2-9E6405058EE3}.Release|Any CPU.ActiveCfg = Release|Any CPU
		{60207E99-DFC4-4475-81A2-9E6405058EE3}.Release|Any CPU.Build.0 = Release|Any CPU
		{BBBBF2BD-C1DC-45C6-BAE9-010D17121548}.Debug|Any CPU.ActiveCfg = Debug|Any CPU
		{BBBBF2BD-C1DC-45C6-BAE9-010D17121548}.Debug|Any CPU.Build.0 = Debug|Any CPU
		{BBBBF2BD-C1DC-45C6-BAE9-010D17121548}.Release|Any CPU.ActiveCfg = Release|Any CPU
		{BBBBF2BD-C1DC-45C6-BAE9-010D17121548}.Release|Any CPU.Build.0 = Release|Any CPU
	EndGlobalSection
	GlobalSection(SolutionProperties) = preSolution
		HideSolutionNode = FALSE
	EndGlobalSection
EndGlobal
